
Microsoft Visual Studio Solution File, Format Version 12.00
# Visual Studio 15
VisualStudioVersion = 15.0.28307.572
MinimumVisualStudioVersion = 10.0.40219.1
Project("{FAE04EC0-301F-11D3-BF4B-00C04F79EFBC}") = "RuleCacheWarmer", "RuleCacheWarmer.csproj", "{EA0C3512-0BB4-4C7B-8F07-C71E0D28F32C}"
EndProject
Global
	GlobalSection(SolutionConfigurationPlatforms) = preSolution
		Debug|Any CPU = Debug|Any CPU
		Release|Any CPU = Release|Any CPU
	EndGlobalSection
	GlobalSection(ProjectConfigurationPlatforms) = postSolution
		{EA0C3512-0BB4-4C7B-8F07-C71E0D28F32C}.Debug|Any CPU.ActiveCfg = Debug|Any CPU
		{EA0C3512-0BB4-4C7B-8F07-C71E0D28F32C}.Debug|Any CPU.Build.0 = Debug|Any CPU
		{EA0C3512-0BB4-4C7B-8F07-C71E0D28F32C}.Release|Any CPU.ActiveCfg = Release|Any CPU
		{EA0C3512-0BB4-4C7B-8F07-C71E0D28F32C}.Release|Any CPU.Build.0 = Release|Any CPU
	EndGlobalSection
	GlobalSection(SolutionProperties) = preSolution
		HideSolutionNode = FALSE
	EndGlobalSection
	GlobalSection(ExtensibilityGlobals) = postSolution
		SolutionGuid = {8A82B32C-6015-4A2D-B1C3-A2B418ADC951}
	EndGlobalSection
EndGlobal
